// !$*UTF8*$!
{
	archiveVersion = 1;
	classes = {
	};
	objectVersion = 56;
	objects = {

/* Begin PBXBuildFile section */
		800234C22C9EF2B90049E5E9 /* AcceptedRequestVC.swift in Sources */ = {isa = PBXBuildFile; fileRef = 800234C02C9EF2B90049E5E9 /* AcceptedRequestVC.swift */; };
		800234C32C9EF2B90049E5E9 /* RejectedRequestVC.swift in Sources */ = {isa = PBXBuildFile; fileRef = 800234C12C9EF2B90049E5E9 /* RejectedRequestVC.swift */; };
		800234C52C9EF2D20049E5E9 /* RequestListVC.swift in Sources */ = {isa = PBXBuildFile; fileRef = 800234C42C9EF2D20049E5E9 /* RequestListVC.swift */; };
		800234D32C9EF9B30049E5E9 /* CometChatSenderTextMessageBubble.swift in Sources */ = {isa = PBXBuildFile; fileRef = 800234C62C9EF9B30049E5E9 /* CometChatSenderTextMessageBubble.swift */; };
		800234D42C9EF9B30049E5E9 /* CometChatSenderTextMessageBubble.xib in Resources */ = {isa = PBXBuildFile; fileRef = 800234C72C9EF9B30049E5E9 /* CometChatSenderTextMessageBubble.xib */; };
		800234D52C9EF9B30049E5E9 /* CometChatReceiverTextMessageBubble.swift in Sources */ = {isa = PBXBuildFile; fileRef = 800234C92C9EF9B30049E5E9 /* CometChatReceiverTextMessageBubble.swift */; };
		800234D62C9EF9B30049E5E9 /* CometChatReceiverTextMessageBubble.xib in Resources */ = {isa = PBXBuildFile; fileRef = 800234CA2C9EF9B30049E5E9 /* CometChatReceiverTextMessageBubble.xib */; };
		800234D72C9EF9B30049E5E9 /* ChatList.swift in Sources */ = {isa = PBXBuildFile; fileRef = 800234CC2C9EF9B30049E5E9 /* ChatList.swift */; };
		800234D82C9EF9B30049E5E9 /* ChatList.xib in Resources */ = {isa = PBXBuildFile; fileRef = 800234CD2C9EF9B30049E5E9 /* ChatList.xib */; };
		800234D92C9EF9B30049E5E9 /* ChatListVC.swift in Sources */ = {isa = PBXBuildFile; fileRef = 800234CE2C9EF9B30049E5E9 /* ChatListVC.swift */; };
		800234DA2C9EF9B30049E5E9 /* ChatUser.swift in Sources */ = {isa = PBXBuildFile; fileRef = 800234CF2C9EF9B30049E5E9 /* ChatUser.swift */; };
		800234DB2C9EF9B30049E5E9 /* ChatVC.swift in Sources */ = {isa = PBXBuildFile; fileRef = 800234D02C9EF9B30049E5E9 /* ChatVC.swift */; };
		800234DC2C9EF9B30049E5E9 /* TextViewWithPlaceholder.swift in Sources */ = {isa = PBXBuildFile; fileRef = 800234D12C9EF9B30049E5E9 /* TextViewWithPlaceholder.swift */; };
		800234DE2C9EFCDE0049E5E9 /* AdminAcceptedProductVC.swift in Sources */ = {isa = PBXBuildFile; fileRef = 800234DD2C9EFCDE0049E5E9 /* AdminAcceptedProductVC.swift */; };
		80169F592CE285E1002078C5 /* ChatManager.swift in Sources */ = {isa = PBXBuildFile; fileRef = 80169F582CE285DD002078C5 /* ChatManager.swift */; };
		80169F5C2CE5EE69002078C5 /* Cosmos in Frameworks */ = {isa = PBXBuildFile; productRef = 80169F5B2CE5EE69002078C5 /* Cosmos */; };
		80169F5E2CE5F4FA002078C5 /* FeedbackVC.swift in Sources */ = {isa = PBXBuildFile; fileRef = 80169F5D2CE5F4F7002078C5 /* FeedbackVC.swift */; };
		8055C57D2C95F21300420E0F /* AppDelegate.swift in Sources */ = {isa = PBXBuildFile; fileRef = 8055C57C2C95F21300420E0F /* AppDelegate.swift */; };
		8055C57F2C95F21300420E0F /* SceneDelegate.swift in Sources */ = {isa = PBXBuildFile; fileRef = 8055C57E2C95F21300420E0F /* SceneDelegate.swift */; };
		8055C5842C95F21300420E0F /* Base in Resources */ = {isa = PBXBuildFile; fileRef = 8055C5832C95F21300420E0F /* Base */; };
		8055C5862C95F21500420E0F /* Assets.xcassets in Resources */ = {isa = PBXBuildFile; fileRef = 8055C5852C95F21500420E0F /* Assets.xcassets */; };
		8055C5892C95F21500420E0F /* Base in Resources */ = {isa = PBXBuildFile; fileRef = 8055C5882C95F21500420E0F /* Base */; };
		8055C5A62C95F25500420E0F /* FireStoreManager.swift in Sources */ = {isa = PBXBuildFile; fileRef = 8055C5902C95F25500420E0F /* FireStoreManager.swift */; };
		8055C5A82C95F25500420E0F /* UserDefaultsManager.swift in Sources */ = {isa = PBXBuildFile; fileRef = 8055C5922C95F25500420E0F /* UserDefaultsManager.swift */; };
		8055C5A92C95F25500420E0F /* AdminHomeVC.swift in Sources */ = {isa = PBXBuildFile; fileRef = 8055C5942C95F25500420E0F /* AdminHomeVC.swift */; };
		8055C5AC2C95F25500420E0F /* UserHomeVC.swift in Sources */ = {isa = PBXBuildFile; fileRef = 8055C5982C95F25500420E0F /* UserHomeVC.swift */; };
		8055C5AD2C95F25500420E0F /* BaseViewController.swift in Sources */ = {isa = PBXBuildFile; fileRef = 8055C59A2C95F25500420E0F /* BaseViewController.swift */; };
		8055C5AF2C95F25500420E0F /* SignupSelectionVC.swift in Sources */ = {isa = PBXBuildFile; fileRef = 8055C59C2C95F25500420E0F /* SignupSelectionVC.swift */; };
		8055C5B02C95F25500420E0F /* LoginVC.swift in Sources */ = {isa = PBXBuildFile; fileRef = 8055C59D2C95F25500420E0F /* LoginVC.swift */; };
		8055C5B12C95F25500420E0F /* SignUpVC.swift in Sources */ = {isa = PBXBuildFile; fileRef = 8055C59E2C95F25500420E0F /* SignUpVC.swift */; };
		8055C5B22C95F25500420E0F /* ButtonExtension.swift in Sources */ = {isa = PBXBuildFile; fileRef = 8055C5A02C95F25500420E0F /* ButtonExtension.swift */; };
		8055C5B42C95F25500420E0F /* DesignableView.swift in Sources */ = {isa = PBXBuildFile; fileRef = 8055C5A22C95F25500420E0F /* DesignableView.swift */; };
		8055C5B52C95F25500420E0F /* Extensions.swift in Sources */ = {isa = PBXBuildFile; fileRef = 8055C5A32C95F25500420E0F /* Extensions.swift */; };
		8055C5B62C95F25500420E0F /* GoogleService-Info.plist in Resources */ = {isa = PBXBuildFile; fileRef = 8055C5A52C95F25500420E0F /* GoogleService-Info.plist */; };
		8055C5C62C96C51D00420E0F /* SignupModel.swift in Sources */ = {isa = PBXBuildFile; fileRef = 8055C5C52C96C51D00420E0F /* SignupModel.swift */; };
		8055C5C82C96EBAF00420E0F /* ProfileVC.swift in Sources */ = {isa = PBXBuildFile; fileRef = 8055C5C72C96EBAE00420E0F /* ProfileVC.swift */; };
		8055C5CC2C98AE0E00420E0F /* AdminProfileVC.swift in Sources */ = {isa = PBXBuildFile; fileRef = 8055C5CB2C98AE0E00420E0F /* AdminProfileVC.swift */; };
		8055C5CE2C98AFEE00420E0F /* AddProductVC.swift in Sources */ = {isa = PBXBuildFile; fileRef = 8055C5CD2C98AFEE00420E0F /* AddProductVC.swift */; };
		8055C5D02C98B77200420E0F /* ProductModel.swift in Sources */ = {isa = PBXBuildFile; fileRef = 8055C5CF2C98B77200420E0F /* ProductModel.swift */; };
		8055C5D32C99AD8700420E0F /* TableViewCell.swift in Sources */ = {isa = PBXBuildFile; fileRef = 8055C5D22C99AD8700420E0F /* TableViewCell.swift */; };
		8055C5D52C99AE1200420E0F /* ProductListVC.swift in Sources */ = {isa = PBXBuildFile; fileRef = 8055C5D42C99AE1200420E0F /* ProductListVC.swift */; };
		8055C5D72C99AFF800420E0F /* BidProductVC.swift in Sources */ = {isa = PBXBuildFile; fileRef = 8055C5D62C99AFF800420E0F /* BidProductVC.swift */; };
		8055C5DE2C9AAB3E00420E0F /* BidRequestVC.swift in Sources */ = {isa = PBXBuildFile; fileRef = 8055C5DD2C9AAB3E00420E0F /* BidRequestVC.swift */; };
		80D749192CC926B4007011FC /* FirebaseAnalytics in Frameworks */ = {isa = PBXBuildFile; productRef = 80D749182CC926B4007011FC /* FirebaseAnalytics */; };
		80D7491B2CC926B4007011FC /* FirebaseAuth in Frameworks */ = {isa = PBXBuildFile; productRef = 80D7491A2CC926B4007011FC /* FirebaseAuth */; };
		80D7491D2CC926B4007011FC /* FirebaseCore in Frameworks */ = {isa = PBXBuildFile; productRef = 80D7491C2CC926B4007011FC /* FirebaseCore */; };
		80D7491F2CC926B4007011FC /* FirebaseDatabase in Frameworks */ = {isa = PBXBuildFile; productRef = 80D7491E2CC926B4007011FC /* FirebaseDatabase */; };
		80D749212CC926B4007011FC /* FirebaseFirestore in Frameworks */ = {isa = PBXBuildFile; productRef = 80D749202CC926B4007011FC /* FirebaseFirestore */; };
		80D749232CC926B4007011FC /* FirebaseInAppMessaging-Beta in Frameworks */ = {isa = PBXBuildFile; productRef = 80D749222CC926B4007011FC /* FirebaseInAppMessaging-Beta */; };
		80D749252CC926B4007011FC /* FirebaseInstallations in Frameworks */ = {isa = PBXBuildFile; productRef = 80D749242CC926B4007011FC /* FirebaseInstallations */; };
		80D749272CC926B4007011FC /* FirebaseMessaging in Frameworks */ = {isa = PBXBuildFile; productRef = 80D749262CC926B4007011FC /* FirebaseMessaging */; };
		80D749292CC926B4007011FC /* FirebaseRemoteConfig in Frameworks */ = {isa = PBXBuildFile; productRef = 80D749282CC926B4007011FC /* FirebaseRemoteConfig */; };
		80D7492B2CC926B4007011FC /* FirebaseStorage in Frameworks */ = {isa = PBXBuildFile; productRef = 80D7492A2CC926B4007011FC /* FirebaseStorage */; };
		80D7492D2CC926B4007011FC /* FirebaseStorageCombine-Community in Frameworks */ = {isa = PBXBuildFile; productRef = 80D7492C2CC926B4007011FC /* FirebaseStorageCombine-Community */; };
		EA0340562CC19E4C006099E6 /* PaymentScreen.swift in Sources */ = {isa = PBXBuildFile; fileRef = EA0340552CC19E4B006099E6 /* PaymentScreen.swift */; };
		EA0340582CC1AD66006099E6 /* PaymentListVC.swift in Sources */ = {isa = PBXBuildFile; fileRef = EA0340572CC1AD66006099E6 /* PaymentListVC.swift */; };
		EA31702E2CC2BF7D0040B7C5 /* AesSslPinManager.swift in Sources */ = {isa = PBXBuildFile; fileRef = EA31702D2CC2BF7C0040B7C5 /* AesSslPinManager.swift */; };
		EAF7E0F12CBF6B8D009FDD57 /* SDWebImage in Frameworks */ = {isa = PBXBuildFile; productRef = EAF7E0F02CBF6B8D009FDD57 /* SDWebImage */; };
/* End PBXBuildFile section */

/* Begin PBXFileReference section */
		800234C02C9EF2B90049E5E9 /* AcceptedRequestVC.swift */ = {isa = PBXFileReference; fileEncoding = 4; lastKnownFileType = sourcecode.swift; path = AcceptedRequestVC.swift; sourceTree = "<group>"; };
		800234C12C9EF2B90049E5E9 /* RejectedRequestVC.swift */ = {isa = PBXFileReference; fileEncoding = 4; lastKnownFileType = sourcecode.swift; path = RejectedRequestVC.swift; sourceTree = "<group>"; };
		800234C42C9EF2D20049E5E9 /* RequestListVC.swift */ = {isa = PBXFileReference; fileEncoding = 4; lastKnownFileType = sourcecode.swift; path = RequestListVC.swift; sourceTree = "<group>"; };
		800234C62C9EF9B30049E5E9 /* CometChatSenderTextMessageBubble.swift */ = {isa = PBXFileReference; fileEncoding = 4; lastKnownFileType = sourcecode.swift; path = CometChatSenderTextMessageBubble.swift; sourceTree = "<group>"; };
		800234C72C9EF9B30049E5E9 /* CometChatSenderTextMessageBubble.xib */ = {isa = PBXFileReference; fileEncoding = 4; lastKnownFileType = file.xib; path = CometChatSenderTextMessageBubble.xib; sourceTree = "<group>"; };
		800234C92C9EF9B30049E5E9 /* CometChatReceiverTextMessageBubble.swift */ = {isa = PBXFileReference; fileEncoding = 4; lastKnownFileType = sourcecode.swift; path = CometChatReceiverTextMessageBubble.swift; sourceTree = "<group>"; };
		800234CA2C9EF9B30049E5E9 /* CometChatReceiverTextMessageBubble.xib */ = {isa = PBXFileReference; fileEncoding = 4; lastKnownFileType = file.xib; path = CometChatReceiverTextMessageBubble.xib; sourceTree = "<group>"; };
		800234CC2C9EF9B30049E5E9 /* ChatList.swift */ = {isa = PBXFileReference; fileEncoding = 4; lastKnownFileType = sourcecode.swift; path = ChatList.swift; sourceTree = "<group>"; };
		800234CD2C9EF9B30049E5E9 /* ChatList.xib */ = {isa = PBXFileReference; fileEncoding = 4; lastKnownFileType = file.xib; path = ChatList.xib; sourceTree = "<group>"; };
		800234CE2C9EF9B30049E5E9 /* ChatListVC.swift */ = {isa = PBXFileReference; fileEncoding = 4; lastKnownFileType = sourcecode.swift; path = ChatListVC.swift; sourceTree = "<group>"; };
		800234CF2C9EF9B30049E5E9 /* ChatUser.swift */ = {isa = PBXFileReference; fileEncoding = 4; lastKnownFileType = sourcecode.swift; path = ChatUser.swift; sourceTree = "<group>"; };
		800234D02C9EF9B30049E5E9 /* ChatVC.swift */ = {isa = PBXFileReference; fileEncoding = 4; lastKnownFileType = sourcecode.swift; path = ChatVC.swift; sourceTree = "<group>"; };
		800234D12C9EF9B30049E5E9 /* TextViewWithPlaceholder.swift */ = {isa = PBXFileReference; fileEncoding = 4; lastKnownFileType = sourcecode.swift; path = TextViewWithPlaceholder.swift; sourceTree = "<group>"; };
		800234DD2C9EFCDE0049E5E9 /* AdminAcceptedProductVC.swift */ = {isa = PBXFileReference; lastKnownFileType = sourcecode.swift; path = AdminAcceptedProductVC.swift; sourceTree = "<group>"; };
		80169F582CE285DD002078C5 /* ChatManager.swift */ = {isa = PBXFileReference; lastKnownFileType = sourcecode.swift; path = ChatManager.swift; sourceTree = "<group>"; };
		80169F5D2CE5F4F7002078C5 /* FeedbackVC.swift */ = {isa = PBXFileReference; lastKnownFileType = sourcecode.swift; path = FeedbackVC.swift; sourceTree = "<group>"; };
		8055C5792C95F21300420E0F /* OnlineExchange.app */ = {isa = PBXFileReference; explicitFileType = wrapper.application; includeInIndex = 0; path = OnlineExchange.app; sourceTree = BUILT_PRODUCTS_DIR; };
		8055C57C2C95F21300420E0F /* AppDelegate.swift */ = {isa = PBXFileReference; lastKnownFileType = sourcecode.swift; path = AppDelegate.swift; sourceTree = "<group>"; };
		8055C57E2C95F21300420E0F /* SceneDelegate.swift */ = {isa = PBXFileReference; lastKnownFileType = sourcecode.swift; path = SceneDelegate.swift; sourceTree = "<group>"; };
		8055C5832C95F21300420E0F /* Base */ = {isa = PBXFileReference; lastKnownFileType = file.storyboard; name = Base; path = Base.lproj/Main.storyboard; sourceTree = "<group>"; };
		8055C5852C95F21500420E0F /* Assets.xcassets */ = {isa = PBXFileReference; lastKnownFileType = folder.assetcatalog; path = Assets.xcassets; sourceTree = "<group>"; };
		8055C5882C95F21500420E0F /* Base */ = {isa = PBXFileReference; lastKnownFileType = file.storyboard; name = Base; path = Base.lproj/LaunchScreen.storyboard; sourceTree = "<group>"; };
		8055C58A2C95F21500420E0F /* Info.plist */ = {isa = PBXFileReference; lastKnownFileType = text.plist.xml; path = Info.plist; sourceTree = "<group>"; };
		8055C5902C95F25500420E0F /* FireStoreManager.swift */ = {isa = PBXFileReference; fileEncoding = 4; lastKnownFileType = sourcecode.swift; path = FireStoreManager.swift; sourceTree = "<group>"; };
		8055C5922C95F25500420E0F /* UserDefaultsManager.swift */ = {isa = PBXFileReference; fileEncoding = 4; lastKnownFileType = sourcecode.swift; path = UserDefaultsManager.swift; sourceTree = "<group>"; };
		8055C5942C95F25500420E0F /* AdminHomeVC.swift */ = {isa = PBXFileReference; fileEncoding = 4; lastKnownFileType = sourcecode.swift; path = AdminHomeVC.swift; sourceTree = "<group>"; };
		8055C5982C95F25500420E0F /* UserHomeVC.swift */ = {isa = PBXFileReference; fileEncoding = 4; lastKnownFileType = sourcecode.swift; path = UserHomeVC.swift; sourceTree = "<group>"; };
		8055C59A2C95F25500420E0F /* BaseViewController.swift */ = {isa = PBXFileReference; fileEncoding = 4; lastKnownFileType = sourcecode.swift; path = BaseViewController.swift; sourceTree = "<group>"; };
		8055C59C2C95F25500420E0F /* SignupSelectionVC.swift */ = {isa = PBXFileReference; fileEncoding = 4; lastKnownFileType = sourcecode.swift; path = SignupSelectionVC.swift; sourceTree = "<group>"; };
		8055C59D2C95F25500420E0F /* LoginVC.swift */ = {isa = PBXFileReference; fileEncoding = 4; lastKnownFileType = sourcecode.swift; path = LoginVC.swift; sourceTree = "<group>"; };
		8055C59E2C95F25500420E0F /* SignUpVC.swift */ = {isa = PBXFileReference; fileEncoding = 4; lastKnownFileType = sourcecode.swift; path = SignUpVC.swift; sourceTree = "<group>"; };
		8055C5A02C95F25500420E0F /* ButtonExtension.swift */ = {isa = PBXFileReference; fileEncoding = 4; lastKnownFileType = sourcecode.swift; path = ButtonExtension.swift; sourceTree = "<group>"; };
		8055C5A22C95F25500420E0F /* DesignableView.swift */ = {isa = PBXFileReference; fileEncoding = 4; lastKnownFileType = sourcecode.swift; path = DesignableView.swift; sourceTree = "<group>"; };
		8055C5A32C95F25500420E0F /* Extensions.swift */ = {isa = PBXFileReference; fileEncoding = 4; lastKnownFileType = sourcecode.swift; path = Extensions.swift; sourceTree = "<group>"; };
		8055C5A52C95F25500420E0F /* GoogleService-Info.plist */ = {isa = PBXFileReference; fileEncoding = 4; lastKnownFileType = text.plist.xml; path = "GoogleService-Info.plist"; sourceTree = "<group>"; };
		8055C5C52C96C51D00420E0F /* SignupModel.swift */ = {isa = PBXFileReference; lastKnownFileType = sourcecode.swift; path = SignupModel.swift; sourceTree = "<group>"; };
		8055C5C72C96EBAE00420E0F /* ProfileVC.swift */ = {isa = PBXFileReference; lastKnownFileType = sourcecode.swift; path = ProfileVC.swift; sourceTree = "<group>"; };
		8055C5CB2C98AE0E00420E0F /* AdminProfileVC.swift */ = {isa = PBXFileReference; lastKnownFileType = sourcecode.swift; path = AdminProfileVC.swift; sourceTree = "<group>"; };
		8055C5CD2C98AFEE00420E0F /* AddProductVC.swift */ = {isa = PBXFileReference; fileEncoding = 4; lastKnownFileType = sourcecode.swift; path = AddProductVC.swift; sourceTree = "<group>"; };
		8055C5CF2C98B77200420E0F /* ProductModel.swift */ = {isa = PBXFileReference; lastKnownFileType = sourcecode.swift; path = ProductModel.swift; sourceTree = "<group>"; };
		8055C5D22C99AD8700420E0F /* TableViewCell.swift */ = {isa = PBXFileReference; lastKnownFileType = sourcecode.swift; path = TableViewCell.swift; sourceTree = "<group>"; };
		8055C5D42C99AE1200420E0F /* ProductListVC.swift */ = {isa = PBXFileReference; lastKnownFileType = sourcecode.swift; path = ProductListVC.swift; sourceTree = "<group>"; };
		8055C5D62C99AFF800420E0F /* BidProductVC.swift */ = {isa = PBXFileReference; lastKnownFileType = sourcecode.swift; path = BidProductVC.swift; sourceTree = "<group>"; };
		8055C5DD2C9AAB3E00420E0F /* BidRequestVC.swift */ = {isa = PBXFileReference; lastKnownFileType = sourcecode.swift; path = BidRequestVC.swift; sourceTree = "<group>"; };
		EA0340552CC19E4B006099E6 /* PaymentScreen.swift */ = {isa = PBXFileReference; fileEncoding = 4; lastKnownFileType = sourcecode.swift; path = PaymentScreen.swift; sourceTree = "<group>"; };
		EA0340572CC1AD66006099E6 /* PaymentListVC.swift */ = {isa = PBXFileReference; fileEncoding = 4; lastKnownFileType = sourcecode.swift; path = PaymentListVC.swift; sourceTree = "<group>"; };
		EA31702D2CC2BF7C0040B7C5 /* AesSslPinManager.swift */ = {isa = PBXFileReference; fileEncoding = 4; lastKnownFileType = sourcecode.swift; path = AesSslPinManager.swift; sourceTree = "<group>"; };
/* End PBXFileReference section */

/* Begin PBXFrameworksBuildPhase section */
		8055C5762C95F21300420E0F /* Frameworks */ = {
			isa = PBXFrameworksBuildPhase;
			buildActionMask = 2147483647;
			files = (
				80169F5C2CE5EE69002078C5 /* Cosmos in Frameworks */,
				80D749272CC926B4007011FC /* FirebaseMessaging in Frameworks */,
				80D7491F2CC926B4007011FC /* FirebaseDatabase in Frameworks */,
				80D749232CC926B4007011FC /* FirebaseInAppMessaging-Beta in Frameworks */,
				80D749192CC926B4007011FC /* FirebaseAnalytics in Frameworks */,
				80D749252CC926B4007011FC /* FirebaseInstallations in Frameworks */,
				80D7491B2CC926B4007011FC /* FirebaseAuth in Frameworks */,
				80D7491D2CC926B4007011FC /* FirebaseCore in Frameworks */,
				EAF7E0F12CBF6B8D009FDD57 /* SDWebImage in Frameworks */,
				80D7492B2CC926B4007011FC /* FirebaseStorage in Frameworks */,
				80D749212CC926B4007011FC /* FirebaseFirestore in Frameworks */,
				80D7492D2CC926B4007011FC /* FirebaseStorageCombine-Community in Frameworks */,
				80D749292CC926B4007011FC /* FirebaseRemoteConfig in Frameworks */,
			);
			runOnlyForDeploymentPostprocessing = 0;
		};
/* End PBXFrameworksBuildPhase section */

/* Begin PBXGroup section */
		800234C82C9EF9B30049E5E9 /* MyTextMessageCell */ = {
			isa = PBXGroup;
			children = (
				800234C62C9EF9B30049E5E9 /* CometChatSenderTextMessageBubble.swift */,
				800234C72C9EF9B30049E5E9 /* CometChatSenderTextMessageBubble.xib */,
			);
			path = MyTextMessageCell;
			sourceTree = "<group>";
		};
		800234CB2C9EF9B30049E5E9 /* OtherUserTextMessageCell */ = {
			isa = PBXGroup;
			children = (
				800234C92C9EF9B30049E5E9 /* CometChatReceiverTextMessageBubble.swift */,
				800234CA2C9EF9B30049E5E9 /* CometChatReceiverTextMessageBubble.xib */,
			);
			path = OtherUserTextMessageCell;
			sourceTree = "<group>";
		};
		800234D22C9EF9B30049E5E9 /* Chat */ = {
			isa = PBXGroup;
			children = (
				80169F582CE285DD002078C5 /* ChatManager.swift */,
				800234C82C9EF9B30049E5E9 /* MyTextMessageCell */,
				800234CB2C9EF9B30049E5E9 /* OtherUserTextMessageCell */,
				800234CC2C9EF9B30049E5E9 /* ChatList.swift */,
				800234CD2C9EF9B30049E5E9 /* ChatList.xib */,
				800234CE2C9EF9B30049E5E9 /* ChatListVC.swift */,
				800234CF2C9EF9B30049E5E9 /* ChatUser.swift */,
				800234D02C9EF9B30049E5E9 /* ChatVC.swift */,
				800234D12C9EF9B30049E5E9 /* TextViewWithPlaceholder.swift */,
			);
			path = Chat;
			sourceTree = "<group>";
		};
		8055C5702C95F21300420E0F = {
			isa = PBXGroup;
			children = (
				8055C57B2C95F21300420E0F /* OnlineExchange */,
				8055C57A2C95F21300420E0F /* Products */,
			);
			sourceTree = "<group>";
		};
		8055C57A2C95F21300420E0F /* Products */ = {
			isa = PBXGroup;
			children = (
				8055C5792C95F21300420E0F /* OnlineExchange.app */,
			);
			name = Products;
			sourceTree = "<group>";
		};
		8055C57B2C95F21300420E0F /* OnlineExchange */ = {
			isa = PBXGroup;
			children = (
				8055C5C42C96C50E00420E0F /* Model */,
				8055C5A42C95F25500420E0F /* Service */,
				8055C5932C95F25500420E0F /* Manager */,
				8055C59F2C95F25500420E0F /* ViewController */,
				8055C57C2C95F21300420E0F /* AppDelegate.swift */,
				8055C57E2C95F21300420E0F /* SceneDelegate.swift */,
				8055C5A52C95F25500420E0F /* GoogleService-Info.plist */,
				8055C5822C95F21300420E0F /* Main.storyboard */,
				8055C5852C95F21500420E0F /* Assets.xcassets */,
				8055C5872C95F21500420E0F /* LaunchScreen.storyboard */,
				8055C58A2C95F21500420E0F /* Info.plist */,
			);
			path = OnlineExchange;
			sourceTree = "<group>";
		};
		8055C5932C95F25500420E0F /* Manager */ = {
			isa = PBXGroup;
			children = (
				8055C5902C95F25500420E0F /* FireStoreManager.swift */,
				8055C5922C95F25500420E0F /* UserDefaultsManager.swift */,
			);
			path = Manager;
			sourceTree = "<group>";
		};
		8055C5952C95F25500420E0F /* Admin */ = {
			isa = PBXGroup;
			children = (
				8055C5942C95F25500420E0F /* AdminHomeVC.swift */,
				8055C5CB2C98AE0E00420E0F /* AdminProfileVC.swift */,
				8055C5CD2C98AFEE00420E0F /* AddProductVC.swift */,
				8055C5DD2C9AAB3E00420E0F /* BidRequestVC.swift */,
				800234DD2C9EFCDE0049E5E9 /* AdminAcceptedProductVC.swift */,
			);
			path = Admin;
			sourceTree = "<group>";
		};
		8055C5992C95F25500420E0F /* User */ = {
			isa = PBXGroup;
			children = (
				EA0340572CC1AD66006099E6 /* PaymentListVC.swift */,
				EA0340552CC19E4B006099E6 /* PaymentScreen.swift */,
				8055C5982C95F25500420E0F /* UserHomeVC.swift */,
				8055C5C72C96EBAE00420E0F /* ProfileVC.swift */,
				8055C5D42C99AE1200420E0F /* ProductListVC.swift */,
				8055C5D62C99AFF800420E0F /* BidProductVC.swift */,
				800234C02C9EF2B90049E5E9 /* AcceptedRequestVC.swift */,
				800234C12C9EF2B90049E5E9 /* RejectedRequestVC.swift */,
				800234C42C9EF2D20049E5E9 /* RequestListVC.swift */,
			);
			path = User;
			sourceTree = "<group>";
		};
		8055C59F2C95F25500420E0F /* ViewController */ = {
			isa = PBXGroup;
			children = (
				80169F5D2CE5F4F7002078C5 /* FeedbackVC.swift */,
				800234D22C9EF9B30049E5E9 /* Chat */,
				8055C5D12C99AD7600420E0F /* Cell */,
				8055C5952C95F25500420E0F /* Admin */,
				8055C5992C95F25500420E0F /* User */,
				8055C59A2C95F25500420E0F /* BaseViewController.swift */,
				8055C59C2C95F25500420E0F /* SignupSelectionVC.swift */,
				8055C59D2C95F25500420E0F /* LoginVC.swift */,
				8055C59E2C95F25500420E0F /* SignUpVC.swift */,
			);
			path = ViewController;
			sourceTree = "<group>";
		};
		8055C5A42C95F25500420E0F /* Service */ = {
			isa = PBXGroup;
			children = (
				8055C5A02C95F25500420E0F /* ButtonExtension.swift */,
				8055C5A22C95F25500420E0F /* DesignableView.swift */,
				8055C5A32C95F25500420E0F /* Extensions.swift */,
			);
			path = Service;
			sourceTree = "<group>";
		};
		8055C5C42C96C50E00420E0F /* Model */ = {
			isa = PBXGroup;
			children = (
				8055C5C52C96C51D00420E0F /* SignupModel.swift */,
				8055C5CF2C98B77200420E0F /* ProductModel.swift */,
				EA31702D2CC2BF7C0040B7C5 /* AesSslPinManager.swift */,
			);
			path = Model;
			sourceTree = "<group>";
		};
		8055C5D12C99AD7600420E0F /* Cell */ = {
			isa = PBXGroup;
			children = (
				8055C5D22C99AD8700420E0F /* TableViewCell.swift */,
			);
			path = Cell;
			sourceTree = "<group>";
		};
/* End PBXGroup section */

/* Begin PBXNativeTarget section */
		8055C5782C95F21300420E0F /* OnlineExchange */ = {
			isa = PBXNativeTarget;
			buildConfigurationList = 8055C58D2C95F21500420E0F /* Build configuration list for PBXNativeTarget "OnlineExchange" */;
			buildPhases = (
				8055C5752C95F21300420E0F /* Sources */,
				8055C5762C95F21300420E0F /* Frameworks */,
				8055C5772C95F21300420E0F /* Resources */,
			);
			buildRules = (
			);
			dependencies = (
			);
			name = OnlineExchange;
			packageProductDependencies = (
				EAF7E0F02CBF6B8D009FDD57 /* SDWebImage */,
				80D749182CC926B4007011FC /* FirebaseAnalytics */,
				80D7491A2CC926B4007011FC /* FirebaseAuth */,
				80D7491C2CC926B4007011FC /* FirebaseCore */,
				80D7491E2CC926B4007011FC /* FirebaseDatabase */,
				80D749202CC926B4007011FC /* FirebaseFirestore */,
				80D749222CC926B4007011FC /* FirebaseInAppMessaging-Beta */,
				80D749242CC926B4007011FC /* FirebaseInstallations */,
				80D749262CC926B4007011FC /* FirebaseMessaging */,
				80D749282CC926B4007011FC /* FirebaseRemoteConfig */,
				80D7492A2CC926B4007011FC /* FirebaseStorage */,
				80D7492C2CC926B4007011FC /* FirebaseStorageCombine-Community */,
				80169F5B2CE5EE69002078C5 /* Cosmos */,
			);
			productName = OnlineExchange;
			productReference = 8055C5792C95F21300420E0F /* OnlineExchange.app */;
			productType = "com.apple.product-type.application";
		};
/* End PBXNativeTarget section */

/* Begin PBXProject section */
		8055C5712C95F21300420E0F /* Project object */ = {
			isa = PBXProject;
			attributes = {
				BuildIndependentTargetsInParallel = 1;
				LastSwiftUpdateCheck = 1540;
				LastUpgradeCheck = 1540;
				TargetAttributes = {
					8055C5782C95F21300420E0F = {
						CreatedOnToolsVersion = 15.4;
					};
				};
			};
			buildConfigurationList = 8055C5742C95F21300420E0F /* Build configuration list for PBXProject "OnlineExchange" */;
			compatibilityVersion = "Xcode 14.0";
			developmentRegion = en;
			hasScannedForEncodings = 0;
			knownRegions = (
				en,
				Base,
			);
			mainGroup = 8055C5702C95F21300420E0F;
			packageReferences = (
				EAF7E0EF2CBF6B8C009FDD57 /* XCRemoteSwiftPackageReference "SDWebImage" */,
				80D749172CC926B4007011FC /* XCRemoteSwiftPackageReference "firebase-ios-sdk" */,
				80169F5A2CE5EE69002078C5 /* XCRemoteSwiftPackageReference "Cosmos" */,
			);
			productRefGroup = 8055C57A2C95F21300420E0F /* Products */;
			projectDirPath = "";
			projectRoot = "";
			targets = (
				8055C5782C95F21300420E0F /* OnlineExchange */,
			);
		};
/* End PBXProject section */

/* Begin PBXResourcesBuildPhase section */
		8055C5772C95F21300420E0F /* Resources */ = {
			isa = PBXResourcesBuildPhase;
			buildActionMask = 2147483647;
			files = (
				800234D42C9EF9B30049E5E9 /* CometChatSenderTextMessageBubble.xib in Resources */,
				8055C5862C95F21500420E0F /* Assets.xcassets in Resources */,
				8055C5B62C95F25500420E0F /* GoogleService-Info.plist in Resources */,
				8055C5892C95F21500420E0F /* Base in Resources */,
				800234D62C9EF9B30049E5E9 /* CometChatReceiverTextMessageBubble.xib in Resources */,
				8055C5842C95F21300420E0F /* Base in Resources */,
				800234D82C9EF9B30049E5E9 /* ChatList.xib in Resources */,
			);
			runOnlyForDeploymentPostprocessing = 0;
		};
/* End PBXResourcesBuildPhase section */

/* Begin PBXSourcesBuildPhase section */
		8055C5752C95F21300420E0F /* Sources */ = {
			isa = PBXSourcesBuildPhase;
			buildActionMask = 2147483647;
			files = (
				800234D32C9EF9B30049E5E9 /* CometChatSenderTextMessageBubble.swift in Sources */,
				EA0340562CC19E4C006099E6 /* PaymentScreen.swift in Sources */,
				EA31702E2CC2BF7D0040B7C5 /* AesSslPinManager.swift in Sources */,
				8055C5D52C99AE1200420E0F /* ProductListVC.swift in Sources */,
				8055C5D72C99AFF800420E0F /* BidProductVC.swift in Sources */,
				800234C32C9EF2B90049E5E9 /* RejectedRequestVC.swift in Sources */,
				8055C5C82C96EBAF00420E0F /* ProfileVC.swift in Sources */,
				8055C5AF2C95F25500420E0F /* SignupSelectionVC.swift in Sources */,
				800234D92C9EF9B30049E5E9 /* ChatListVC.swift in Sources */,
				800234D52C9EF9B30049E5E9 /* CometChatReceiverTextMessageBubble.swift in Sources */,
				80169F592CE285E1002078C5 /* ChatManager.swift in Sources */,
				800234C52C9EF2D20049E5E9 /* RequestListVC.swift in Sources */,
				8055C5CC2C98AE0E00420E0F /* AdminProfileVC.swift in Sources */,
				8055C5AC2C95F25500420E0F /* UserHomeVC.swift in Sources */,
				8055C5D32C99AD8700420E0F /* TableViewCell.swift in Sources */,
				800234DE2C9EFCDE0049E5E9 /* AdminAcceptedProductVC.swift in Sources */,
				80169F5E2CE5F4FA002078C5 /* FeedbackVC.swift in Sources */,
				8055C5B02C95F25500420E0F /* LoginVC.swift in Sources */,
				8055C5DE2C9AAB3E00420E0F /* BidRequestVC.swift in Sources */,
				8055C5CE2C98AFEE00420E0F /* AddProductVC.swift in Sources */,
				8055C5AD2C95F25500420E0F /* BaseViewController.swift in Sources */,
				8055C57D2C95F21300420E0F /* AppDelegate.swift in Sources */,
				8055C5B52C95F25500420E0F /* Extensions.swift in Sources */,
				800234D72C9EF9B30049E5E9 /* ChatList.swift in Sources */,
				800234DB2C9EF9B30049E5E9 /* ChatVC.swift in Sources */,
				8055C5B42C95F25500420E0F /* DesignableView.swift in Sources */,
				8055C5A82C95F25500420E0F /* UserDefaultsManager.swift in Sources */,
				8055C5C62C96C51D00420E0F /* SignupModel.swift in Sources */,
				800234DC2C9EF9B30049E5E9 /* TextViewWithPlaceholder.swift in Sources */,
				8055C5B22C95F25500420E0F /* ButtonExtension.swift in Sources */,
				8055C5D02C98B77200420E0F /* ProductModel.swift in Sources */,
				EA0340582CC1AD66006099E6 /* PaymentListVC.swift in Sources */,
				800234DA2C9EF9B30049E5E9 /* ChatUser.swift in Sources */,
				800234C22C9EF2B90049E5E9 /* AcceptedRequestVC.swift in Sources */,
				8055C57F2C95F21300420E0F /* SceneDelegate.swift in Sources */,
				8055C5A62C95F25500420E0F /* FireStoreManager.swift in Sources */,
				8055C5A92C95F25500420E0F /* AdminHomeVC.swift in Sources */,
				8055C5B12C95F25500420E0F /* SignUpVC.swift in Sources */,
			);
			runOnlyForDeploymentPostprocessing = 0;
		};
/* End PBXSourcesBuildPhase section */

/* Begin PBXVariantGroup section */
		8055C5822C95F21300420E0F /* Main.storyboard */ = {
			isa = PBXVariantGroup;
			children = (
				8055C5832C95F21300420E0F /* Base */,
			);
			name = Main.storyboard;
			sourceTree = "<group>";
		};
		8055C5872C95F21500420E0F /* LaunchScreen.storyboard */ = {
			isa = PBXVariantGroup;
			children = (
				8055C5882C95F21500420E0F /* Base */,
			);
			name = LaunchScreen.storyboard;
			sourceTree = "<group>";
		};
/* End PBXVariantGroup section */

/* Begin XCBuildConfiguration section */
		8055C58B2C95F21500420E0F /* Debug */ = {
			isa = XCBuildConfiguration;
			buildSettings = {
				ALWAYS_SEARCH_USER_PATHS = NO;
				ASSETCATALOG_COMPILER_GENERATE_SWIFT_ASSET_SYMBOL_EXTENSIONS = YES;
				CLANG_ANALYZER_NONNULL = YES;
				CLANG_ANALYZER_NUMBER_OBJECT_CONVERSION = YES_AGGRESSIVE;
				CLANG_CXX_LANGUAGE_STANDARD = "gnu++20";
				CLANG_ENABLE_MODULES = YES;
				CLANG_ENABLE_OBJC_ARC = YES;
				CLANG_ENABLE_OBJC_WEAK = YES;
				CLANG_WARN_BLOCK_CAPTURE_AUTORELEASING = YES;
				CLANG_WARN_BOOL_CONVERSION = YES;
				CLANG_WARN_COMMA = YES;
				CLANG_WARN_CONSTANT_CONVERSION = YES;
				CLANG_WARN_DEPRECATED_OBJC_IMPLEMENTATIONS = YES;
				CLANG_WARN_DIRECT_OBJC_ISA_USAGE = YES_ERROR;
				CLANG_WARN_DOCUMENTATION_COMMENTS = YES;
				CLANG_WARN_EMPTY_BODY = YES;
				CLANG_WARN_ENUM_CONVERSION = YES;
				CLANG_WARN_INFINITE_RECURSION = YES;
				CLANG_WARN_INT_CONVERSION = YES;
				CLANG_WARN_NON_LITERAL_NULL_CONVERSION = YES;
				CLANG_WARN_OBJC_IMPLICIT_RETAIN_SELF = YES;
				CLANG_WARN_OBJC_LITERAL_CONVERSION = YES;
				CLANG_WARN_OBJC_ROOT_CLASS = YES_ERROR;
				CLANG_WARN_QUOTED_INCLUDE_IN_FRAMEWORK_HEADER = YES;
				CLANG_WARN_RANGE_LOOP_ANALYSIS = YES;
				CLANG_WARN_STRICT_PROTOTYPES = YES;
				CLANG_WARN_SUSPICIOUS_MOVE = YES;
				CLANG_WARN_UNGUARDED_AVAILABILITY = YES_AGGRESSIVE;
				CLANG_WARN_UNREACHABLE_CODE = YES;
				CLANG_WARN__DUPLICATE_METHOD_MATCH = YES;
				COPY_PHASE_STRIP = NO;
				DEBUG_INFORMATION_FORMAT = dwarf;
				ENABLE_STRICT_OBJC_MSGSEND = YES;
				ENABLE_TESTABILITY = YES;
				ENABLE_USER_SCRIPT_SANDBOXING = YES;
				GCC_C_LANGUAGE_STANDARD = gnu17;
				GCC_DYNAMIC_NO_PIC = NO;
				GCC_NO_COMMON_BLOCKS = YES;
				GCC_OPTIMIZATION_LEVEL = 0;
				GCC_PREPROCESSOR_DEFINITIONS = (
					"DEBUG=1",
					"$(inherited)",
				);
				GCC_WARN_64_TO_32_BIT_CONVERSION = YES;
				GCC_WARN_ABOUT_RETURN_TYPE = YES_ERROR;
				GCC_WARN_UNDECLARED_SELECTOR = YES;
				GCC_WARN_UNINITIALIZED_AUTOS = YES_AGGRESSIVE;
				GCC_WARN_UNUSED_FUNCTION = YES;
				GCC_WARN_UNUSED_VARIABLE = YES;
				IPHONEOS_DEPLOYMENT_TARGET = 16.0;
				LOCALIZATION_PREFERS_STRING_CATALOGS = YES;
				MTL_ENABLE_DEBUG_INFO = INCLUDE_SOURCE;
				MTL_FAST_MATH = YES;
				ONLY_ACTIVE_ARCH = YES;
				SDKROOT = iphoneos;
				SWIFT_ACTIVE_COMPILATION_CONDITIONS = "DEBUG $(inherited)";
				SWIFT_OPTIMIZATION_LEVEL = "-Onone";
			};
			name = Debug;
		};
		8055C58C2C95F21500420E0F /* Release */ = {
			isa = XCBuildConfiguration;
			buildSettings = {
				ALWAYS_SEARCH_USER_PATHS = NO;
				ASSETCATALOG_COMPILER_GENERATE_SWIFT_ASSET_SYMBOL_EXTENSIONS = YES;
				CLANG_ANALYZER_NONNULL = YES;
				CLANG_ANALYZER_NUMBER_OBJECT_CONVERSION = YES_AGGRESSIVE;
				CLANG_CXX_LANGUAGE_STANDARD = "gnu++20";
				CLANG_ENABLE_MODULES = YES;
				CLANG_ENABLE_OBJC_ARC = YES;
				CLANG_ENABLE_OBJC_WEAK = YES;
				CLANG_WARN_BLOCK_CAPTURE_AUTORELEASING = YES;
				CLANG_WARN_BOOL_CONVERSION = YES;
				CLANG_WARN_COMMA = YES;
				CLANG_WARN_CONSTANT_CONVERSION = YES;
				CLANG_WARN_DEPRECATED_OBJC_IMPLEMENTATIONS = YES;
				CLANG_WARN_DIRECT_OBJC_ISA_USAGE = YES_ERROR;
				CLANG_WARN_DOCUMENTATION_COMMENTS = YES;
				CLANG_WARN_EMPTY_BODY = YES;
				CLANG_WARN_ENUM_CONVERSION = YES;
				CLANG_WARN_INFINITE_RECURSION = YES;
				CLANG_WARN_INT_CONVERSION = YES;
				CLANG_WARN_NON_LITERAL_NULL_CONVERSION = YES;
				CLANG_WARN_OBJC_IMPLICIT_RETAIN_SELF = YES;
				CLANG_WARN_OBJC_LITERAL_CONVERSION = YES;
				CLANG_WARN_OBJC_ROOT_CLASS = YES_ERROR;
				CLANG_WARN_QUOTED_INCLUDE_IN_FRAMEWORK_HEADER = YES;
				CLANG_WARN_RANGE_LOOP_ANALYSIS = YES;
				CLANG_WARN_STRICT_PROTOTYPES = YES;
				CLANG_WARN_SUSPICIOUS_MOVE = YES;
				CLANG_WARN_UNGUARDED_AVAILABILITY = YES_AGGRESSIVE;
				CLANG_WARN_UNREACHABLE_CODE = YES;
				CLANG_WARN__DUPLICATE_METHOD_MATCH = YES;
				COPY_PHASE_STRIP = NO;
				DEBUG_INFORMATION_FORMAT = "dwarf-with-dsym";
				ENABLE_NS_ASSERTIONS = NO;
				ENABLE_STRICT_OBJC_MSGSEND = YES;
				ENABLE_USER_SCRIPT_SANDBOXING = YES;
				GCC_C_LANGUAGE_STANDARD = gnu17;
				GCC_NO_COMMON_BLOCKS = YES;
				GCC_WARN_64_TO_32_BIT_CONVERSION = YES;
				GCC_WARN_ABOUT_RETURN_TYPE = YES_ERROR;
				GCC_WARN_UNDECLARED_SELECTOR = YES;
				GCC_WARN_UNINITIALIZED_AUTOS = YES_AGGRESSIVE;
				GCC_WARN_UNUSED_FUNCTION = YES;
				GCC_WARN_UNUSED_VARIABLE = YES;
				IPHONEOS_DEPLOYMENT_TARGET = 16.0;
				LOCALIZATION_PREFERS_STRING_CATALOGS = YES;
				MTL_ENABLE_DEBUG_INFO = NO;
				MTL_FAST_MATH = YES;
				SDKROOT = iphoneos;
				SWIFT_COMPILATION_MODE = wholemodule;
				VALIDATE_PRODUCT = YES;
			};
			name = Release;
		};
		8055C58E2C95F21500420E0F /* Debug */ = {
			isa = XCBuildConfiguration;
			buildSettings = {
				ASSETCATALOG_COMPILER_APPICON_NAME = AppIcon;
				ASSETCATALOG_COMPILER_GLOBAL_ACCENT_COLOR_NAME = AccentColor;
				CODE_SIGN_STYLE = Automatic;
				CURRENT_PROJECT_VERSION = 1;
				GENERATE_INFOPLIST_FILE = YES;
				INFOPLIST_FILE = OnlineExchange/Info.plist;
				INFOPLIST_KEY_UIApplicationSupportsIndirectInputEvents = YES;
				INFOPLIST_KEY_UILaunchStoryboardName = LaunchScreen;
				INFOPLIST_KEY_UIMainStoryboardFile = Main;
				INFOPLIST_KEY_UISupportedInterfaceOrientations_iPad = "UIInterfaceOrientationPortrait UIInterfaceOrientationPortraitUpsideDown UIInterfaceOrientationLandscapeLeft UIInterfaceOrientationLandscapeRight";
				INFOPLIST_KEY_UISupportedInterfaceOrientations_iPhone = "UIInterfaceOrientationPortrait UIInterfaceOrientationLandscapeLeft UIInterfaceOrientationLandscapeRight";
				IPHONEOS_DEPLOYMENT_TARGET = 16.0;
				LD_RUNPATH_SEARCH_PATHS = (
					"$(inherited)",
					"@executable_path/Frameworks",
				);
				MARKETING_VERSION = 1.0;
				PRODUCT_BUNDLE_IDENTIFIER = edu.nwmissouri.summer24.cs44691sec02.Onlineexchange.OnlineExchange;
				PRODUCT_NAME = "$(TARGET_NAME)";
				SWIFT_EMIT_LOC_STRINGS = YES;
				SWIFT_VERSION = 5.0;
				TARGETED_DEVICE_FAMILY = "1,2";
			};
			name = Debug;
		};
		8055C58F2C95F21500420E0F /* Release */ = {
			isa = XCBuildConfiguration;
			buildSettings = {
				ASSETCATALOG_COMPILER_APPICON_NAME = AppIcon;
				ASSETCATALOG_COMPILER_GLOBAL_ACCENT_COLOR_NAME = AccentColor;
				CODE_SIGN_STYLE = Automatic;
				CURRENT_PROJECT_VERSION = 1;
				GENERATE_INFOPLIST_FILE = YES;
				INFOPLIST_FILE = OnlineExchange/Info.plist;
				INFOPLIST_KEY_UIApplicationSupportsIndirectInputEvents = YES;
				INFOPLIST_KEY_UILaunchStoryboardName = LaunchScreen;
				INFOPLIST_KEY_UIMainStoryboardFile = Main;
				INFOPLIST_KEY_UISupportedInterfaceOrientations_iPad = "UIInterfaceOrientationPortrait UIInterfaceOrientationPortraitUpsideDown UIInterfaceOrientationLandscapeLeft UIInterfaceOrientationLandscapeRight";
				INFOPLIST_KEY_UISupportedInterfaceOrientations_iPhone = "UIInterfaceOrientationPortrait UIInterfaceOrientationLandscapeLeft UIInterfaceOrientationLandscapeRight";
				IPHONEOS_DEPLOYMENT_TARGET = 16.0;
				LD_RUNPATH_SEARCH_PATHS = (
					"$(inherited)",
					"@executable_path/Frameworks",
				);
				MARKETING_VERSION = 1.0;
				PRODUCT_BUNDLE_IDENTIFIER = edu.nwmissouri.summer24.cs44691sec02.Onlineexchange.OnlineExchange;
				PRODUCT_NAME = "$(TARGET_NAME)";
				SWIFT_EMIT_LOC_STRINGS = YES;
				SWIFT_VERSION = 5.0;
				TARGETED_DEVICE_FAMILY = "1,2";
			};
			name = Release;
		};
/* End XCBuildConfiguration section */

/* Begin XCConfigurationList section */
		8055C5742C95F21300420E0F /* Build configuration list for PBXProject "OnlineExchange" */ = {
			isa = XCConfigurationList;
			buildConfigurations = (
				8055C58B2C95F21500420E0F /* Debug */,
				8055C58C2C95F21500420E0F /* Release */,
			);
			defaultConfigurationIsVisible = 0;
			defaultConfigurationName = Release;
		};
		8055C58D2C95F21500420E0F /* Build configuration list for PBXNativeTarget "OnlineExchange" */ = {
			isa = XCConfigurationList;
			buildConfigurations = (
				8055C58E2C95F21500420E0F /* Debug */,
				8055C58F2C95F21500420E0F /* Release */,
			);
			defaultConfigurationIsVisible = 0;
			defaultConfigurationName = Release;
		};
/* End XCConfigurationList section */

/* Begin XCRemoteSwiftPackageReference section */
		80169F5A2CE5EE69002078C5 /* XCRemoteSwiftPackageReference "Cosmos" */ = {
			isa = XCRemoteSwiftPackageReference;
			repositoryURL = "https://github.com/evgenyneu/Cosmos.git";
			requirement = {
				kind = upToNextMajorVersion;
				minimumVersion = 25.0.1;
			};
		};
		80D749172CC926B4007011FC /* XCRemoteSwiftPackageReference "firebase-ios-sdk" */ = {
			isa = XCRemoteSwiftPackageReference;
			repositoryURL = "https://github.com/firebase/firebase-ios-sdk";
			requirement = {
				kind = upToNextMajorVersion;
				minimumVersion = 11.4.0;
			};
		};
		EAF7E0EF2CBF6B8C009FDD57 /* XCRemoteSwiftPackageReference "SDWebImage" */ = {
			isa = XCRemoteSwiftPackageReference;
			repositoryURL = "https://github.com/SDWebImage/SDWebImage.git";
			requirement = {
				kind = upToNextMajorVersion;
				minimumVersion = 5.0.0;
			};
		};
/* End XCRemoteSwiftPackageReference section */

/* Begin XCSwiftPackageProductDependency section */
		80169F5B2CE5EE69002078C5 /* Cosmos */ = {
			isa = XCSwiftPackageProductDependency;
			package = 80169F5A2CE5EE69002078C5 /* XCRemoteSwiftPackageReference "Cosmos" */;
			productName = Cosmos;
		};
		80D749182CC926B4007011FC /* FirebaseAnalytics */ = {
			isa = XCSwiftPackageProductDependency;
			package = 80D749172CC926B4007011FC /* XCRemoteSwiftPackageReference "firebase-ios-sdk" */;
			productName = FirebaseAnalytics;
		};
		80D7491A2CC926B4007011FC /* FirebaseAuth */ = {
			isa = XCSwiftPackageProductDependency;
			package = 80D749172CC926B4007011FC /* XCRemoteSwiftPackageReference "firebase-ios-sdk" */;
			productName = FirebaseAuth;
		};
		80D7491C2CC926B4007011FC /* FirebaseCore */ = {
			isa = XCSwiftPackageProductDependency;
			package = 80D749172CC926B4007011FC /* XCRemoteSwiftPackageReference "firebase-ios-sdk" */;
			productName = FirebaseCore;
		};
		80D7491E2CC926B4007011FC /* FirebaseDatabase */ = {
			isa = XCSwiftPackageProductDependency;
			package = 80D749172CC926B4007011FC /* XCRemoteSwiftPackageReference "firebase-ios-sdk" */;
			productName = FirebaseDatabase;
		};
		80D749202CC926B4007011FC /* FirebaseFirestore */ = {
			isa = XCSwiftPackageProductDependency;
			package = 80D749172CC926B4007011FC /* XCRemoteSwiftPackageReference "firebase-ios-sdk" */;
			productName = FirebaseFirestore;
		};
		80D749222CC926B4007011FC /* FirebaseInAppMessaging-Beta */ = {
			isa = XCSwiftPackageProductDependency;
			package = 80D749172CC926B4007011FC /* XCRemoteSwiftPackageReference "firebase-ios-sdk" */;
			productName = "FirebaseInAppMessaging-Beta";
		};
		80D749242CC926B4007011FC /* FirebaseInstallations */ = {
			isa = XCSwiftPackageProductDependency;
			package = 80D749172CC926B4007011FC /* XCRemoteSwiftPackageReference "firebase-ios-sdk" */;
			productName = FirebaseInstallations;
		};
		80D749262CC926B4007011FC /* FirebaseMessaging */ = {
			isa = XCSwiftPackageProductDependency;
			package = 80D749172CC926B4007011FC /* XCRemoteSwiftPackageReference "firebase-ios-sdk" */;
			productName = FirebaseMessaging;
		};
		80D749282CC926B4007011FC /* FirebaseRemoteConfig */ = {
			isa = XCSwiftPackageProductDependency;
			package = 80D749172CC926B4007011FC /* XCRemoteSwiftPackageReference "firebase-ios-sdk" */;
			productName = FirebaseRemoteConfig;
		};
		80D7492A2CC926B4007011FC /* FirebaseStorage */ = {
			isa = XCSwiftPackageProductDependency;
			package = 80D749172CC926B4007011FC /* XCRemoteSwiftPackageReference "firebase-ios-sdk" */;
			productName = FirebaseStorage;
		};
		80D7492C2CC926B4007011FC /* FirebaseStorageCombine-Community */ = {
			isa = XCSwiftPackageProductDependency;
			package = 80D749172CC926B4007011FC /* XCRemoteSwiftPackageReference "firebase-ios-sdk" */;
			productName = "FirebaseStorageCombine-Community";
		};
		EAF7E0F02CBF6B8D009FDD57 /* SDWebImage */ = {
			isa = XCSwiftPackageProductDependency;
			package = EAF7E0EF2CBF6B8C009FDD57 /* XCRemoteSwiftPackageReference "SDWebImage" */;
			productName = SDWebImage;
		};
/* End XCSwiftPackageProductDependency section */
	};
	rootObject = 8055C5712C95F21300420E0F /* Project object */;
}
